{
	"name": "social-login",
	"version": "0.2.4",
	"lockfileVersion": 2,
	"requires": true,
	"packages": {
		"": {
			"name": "social-login",
			"version": "0.2.4",
			"dependencies": {
				"passport": "latest",
				"passport-amazon": "latest",
				"passport-dropbox-oauth2": "latest",
				"passport-facebook": "latest",
				"passport-foursquare": "latest",
				"passport-github": "latest",
				"passport-google": "latest",
				"passport-google-oauth20": "^1.0.0",
				"passport-imgur": "latest",
				"passport-instagram": "latest",
				"passport-linkedin": "latest",
				"passport-meetup": "latest",
				"passport-tumblr": "latest",
				"passport-twitter": "latest",
				"passport-wordpress": "latest",
				"passport-youtube": "latest",
				"passport-youtube-v3": "latest",
				"underscore": "latest"
			},
			"devDependencies": {},
			"engines": {
				"node": "*"
			}
		},
		"node_modules/base64url": {
			"version": "3.0.1",
			"resolved": "https://registry.npmjs.org/base64url/-/base64url-3.0.1.tgz",
			"integrity": "sha512-ir1UPr3dkwexU7FdV8qBBbNDRUhMmIekYMFZfi+C/sLNnRESKPl23nB9b2pltqfOQNnGzsDdId90AEtG5tCx4A==",
			"engines": {
				"node": ">=6.0.0"
			}
		},
		"node_modules/oauth": {
			"version": "0.9.15",
			"resolved": "https://registry.npmjs.org/oauth/-/oauth-0.9.15.tgz",
			"integrity": "sha512-a5ERWK1kh38ExDEfoO6qUHJb32rd7aYmPHuyCu3Fta/cnICvYmgd2uhuKXvPD+PXB+gCEYYEaQdIRAjCOwAKNA=="
		},
		"node_modules/openid": {
			"version": "0.5.13",
			"resolved": "https://registry.npmjs.org/openid/-/openid-0.5.13.tgz",
			"integrity": "sha512-MdWOwHQPaJ3B+7JnPiTyEEqJsMpoNv/+Q4JObuW5jt6xEpIdHaoazFtrcbukBjLg2+qj5xXOmc9TsqhCEw3HOw==",
			"engines": [
				"node >= 0.6.0"
			]
		},
		"node_modules/passport": {
			"version": "0.6.0",
			"resolved": "https://registry.npmjs.org/passport/-/passport-0.6.0.tgz",
			"integrity": "sha512-0fe+p3ZnrWRW74fe8+SvCyf4a3Pb2/h7gFkQ8yTJpAO50gDzlfjZUZTO1k5Eg9kUct22OxHLqDZoKUWRHOh9ug==",
			"dependencies": {
				"passport-strategy": "1.x.x",
				"pause": "0.0.1",
				"utils-merge": "^1.0.1"
			},
			"engines": {
				"node": ">= 0.4.0"
			},
			"funding": {
				"type": "github",
				"url": "https://github.com/sponsors/jaredhanson"
			}
		},
		"node_modules/passport-amazon": {
			"version": "1.0.0",
			"resolved": "https://registry.npmjs.org/passport-amazon/-/passport-amazon-1.0.0.tgz",
			"integrity": "sha512-mouKe5CSueQxt4nvsstS0vr2vW36HKxNATZ7nOOUFTtpgjlNJ8yxW6LoVE0AZ0ZOHHhYYLwM4uR/NSyK0K9r4w==",
			"dependencies": {
				"passport-oauth2": "1.x.x"
			},
			"engines": {
				"node": ">= 0.4.0"
			}
		},
		"node_modules/passport-dropbox-oauth2": {
			"version": "1.1.0",
			"resolved": "https://registry.npmjs.org/passport-dropbox-oauth2/-/passport-dropbox-oauth2-1.1.0.tgz",
			"integrity": "sha512-u79BoonqfrZDmV44s1y2FMK4cml66W/Hy9ExVY8abErMS+08YXAzOkOQGOHdfpGSaelKLwrgDL2cNWRUA+jh+A==",
			"dependencies": {
				"passport-oauth": "^1.0.0",
				"pkginfo": "^0.2.3"
			},
			"engines": {
				"node": ">= 0.4.0"
			}
		},
		"node_modules/passport-facebook": {
			"version": "3.0.0",
			"resolved": "https://registry.npmjs.org/passport-facebook/-/passport-facebook-3.0.0.tgz",
			"integrity": "sha512-K/qNzuFsFISYAyC1Nma4qgY/12V3RSLFdFVsPKXiKZt434wOvthFW1p7zKa1iQihQMRhaWorVE1o3Vi1o+ZgeQ==",
			"dependencies": {
				"passport-oauth2": "1.x.x"
			},
			"engines": {
				"node": ">= 0.4.0"
			}
		},
		"node_modules/passport-foursquare": {
			"version": "1.0.0",
			"resolved": "https://registry.npmjs.org/passport-foursquare/-/passport-foursquare-1.0.0.tgz",
			"integrity": "sha512-y+f1HTJuqObTLrIijSKznN630qnupAj5GELIs+euKyfUKU1bW16nW/cK6uppEHZ95XXeD9M8+CucZRai6Nv2/g==",
			"dependencies": {
				"passport-oauth2": "1.x.x"
			},
			"engines": {
				"node": ">= 0.4.0"
			}
		},
		"node_modules/passport-github": {
			"version": "1.1.0",
			"resolved": "https://registry.npmjs.org/passport-github/-/passport-github-1.1.0.tgz",
			"integrity": "sha512-XARXJycE6fFh/dxF+Uut8OjlwbFEXgbPVj/+V+K7cvriRK7VcAOm+NgBmbiLM9Qv3SSxEAV+V6fIk89nYHXa8A==",
			"dependencies": {
				"passport-oauth2": "1.x.x"
			},
			"engines": {
				"node": ">= 0.4.0"
			}
		},
		"node_modules/passport-google": {
			"version": "0.3.0",
			"resolved": "https://registry.npmjs.org/passport-google/-/passport-google-0.3.0.tgz",
			"integrity": "sha512-sgm38NqzC3zRZ4ypsih4Qd84TQHGnDYi0ptvTOzva84Qzu70ZPajUL9CVrKE/FKdF1jwo44v3iGTSS92Ltll8Q==",
			"dependencies": {
				"passport-openid": "0.3.x",
				"pkginfo": "0.2.x"
			},
			"engines": {
				"node": ">= 0.6.0"
			}
		},
		"node_modules/passport-google-oauth20": {
			"version": "1.0.0",
			"resolved": "https://registry.npmjs.org/passport-google-oauth20/-/passport-google-oauth20-1.0.0.tgz",
			"integrity": "sha512-asv9bVBYf0F6OBP/17dBbHq74KpKVrIQLKPpPmUoR2Wwxv9ZlmNv6QpIX2m0VPkAilLtQeWewWESsqZeh7ZSWQ==",
			"dependencies": {
				"passport-oauth2": "1.x.x"
			},
			"engines": {
				"node": ">= 0.4.0"
			}
		},
		"node_modules/passport-imgur": {
			"version": "0.0.3",
			"resolved": "https://registry.npmjs.org/passport-imgur/-/passport-imgur-0.0.3.tgz",
			"integrity": "sha512-JHaYO0ijMKt8NYReOimm1w4/f2tlT+mFdW3TIYKGkppy//TJNvLMNnPn5qWPqpTgZdoZa1YFxiBtqgo6/VO/ow==",
			"dependencies": {
				"passport-oauth": ">= 0.1.0"
			},
			"engines": {
				"node": ">= 0.4.0"
			}
		},
		"node_modules/passport-instagram": {
			"version": "1.0.0",
			"resolved": "https://registry.npmjs.org/passport-instagram/-/passport-instagram-1.0.0.tgz",
			"integrity": "sha512-irnGcLgCa+vYF5k/7+gU/uiLfzs6VJds8cMOFiuwq2mRAiRrEPyM5rIzXurDGCQl7s5uhEcolpBOGqChUGPtAg==",
			"dependencies": {
				"passport-oauth2": "1.x.x"
			},
			"engines": {
				"node": ">= 0.4.0"
			}
		},
		"node_modules/passport-linkedin": {
			"version": "1.0.0",
			"resolved": "https://registry.npmjs.org/passport-linkedin/-/passport-linkedin-1.0.0.tgz",
			"integrity": "sha512-0/B3PTp+MeD9fqvuQJN4OdkVlVPhF+kF0hVrXGgtAXdgh9WTIEFKUguEPXBK+IgzWlF6T2a74ThijxDrMMI4nw==",
			"dependencies": {
				"passport-oauth1": "1.x.x"
			},
			"engines": {
				"node": ">= 0.4.0"
			}
		},
		"node_modules/passport-meetup": {
			"version": "1.0.0",
			"resolved": "https://registry.npmjs.org/passport-meetup/-/passport-meetup-1.0.0.tgz",
			"integrity": "sha512-khzN7nAoWqL6lWAec6cO80VeI1QAA9FOPuRio3yW73r6/iB+mpshEaFGd6FUfwUwWIaczhPV7pr1lTMicftpTg==",
			"dependencies": {
				"passport-oauth1": "1.x.x"
			},
			"engines": {
				"node": ">= 0.4.0"
			}
		},
		"node_modules/passport-oauth": {
			"version": "1.0.0",
			"resolved": "https://registry.npmjs.org/passport-oauth/-/passport-oauth-1.0.0.tgz",
			"integrity": "sha512-4IZNVsZbN1dkBzmEbBqUxDG8oFOIK81jqdksE3HEb/vI3ib3FMjbiZZ6MTtooyYZzmKu0BfovjvT1pdGgIq+4Q==",
			"dependencies": {
				"passport-oauth1": "1.x.x",
				"passport-oauth2": "1.x.x"
			},
			"engines": {
				"node": ">= 0.4.0"
			}
		},
		"node_modules/passport-oauth1": {
			"version": "1.2.0",
			"resolved": "https://registry.npmjs.org/passport-oauth1/-/passport-oauth1-1.2.0.tgz",
			"integrity": "sha512-Sv2YWodC6jN12M/OXwmR4BIXeeIHjjbwYTQw4kS6tHK4zYzSEpxBgSJJnknBjICA5cj0ju3FSnG1XmHgIhYnLg==",
			"dependencies": {
				"oauth": "0.9.x",
				"passport-strategy": "1.x.x",
				"utils-merge": "1.x.x"
			},
			"engines": {
				"node": ">= 0.4.0"
			},
			"funding": {
				"type": "github",
				"url": "https://github.com/sponsors/jaredhanson"
			}
		},
		"node_modules/passport-oauth2": {
			"version": "1.6.1",
			"resolved": "https://registry.npmjs.org/passport-oauth2/-/passport-oauth2-1.6.1.tgz",
			"integrity": "sha512-ZbV43Hq9d/SBSYQ22GOiglFsjsD1YY/qdiptA+8ej+9C1dL1TVB+mBE5kDH/D4AJo50+2i8f4bx0vg4/yDDZCQ==",
			"dependencies": {
				"base64url": "3.x.x",
				"oauth": "0.9.x",
				"passport-strategy": "1.x.x",
				"uid2": "0.0.x",
				"utils-merge": "1.x.x"
			},
			"engines": {
				"node": ">= 0.4.0"
			},
			"funding": {
				"type": "github",
				"url": "https://github.com/sponsors/jaredhanson"
			}
		},
		"node_modules/passport-openid": {
			"version": "0.3.1",
			"resolved": "https://registry.npmjs.org/passport-openid/-/passport-openid-0.3.1.tgz",
			"integrity": "sha512-tpSI98hDjDB3aPWOklYIs6Qw9uQk1vLgR5JjHUgpLyR2BhonBNT923ynRL7JTmvKsnc2UhDHCk2k/HqIMdPs4A==",
			"dependencies": {
				"openid": "0.5.x",
				"passport": "~0.1.3",
				"pkginfo": "0.2.x"
			},
			"engines": {
				"node": ">= 0.6.0"
			}
		},
		"node_modules/passport-openid/node_modules/passport": {
			"version": "0.1.18",
			"resolved": "https://registry.npmjs.org/passport/-/passport-0.1.18.tgz",
			"integrity": "sha512-qteYojKG/qth7UBbbGU7aqhe5ndJs6YaUkH2B6+7FWQ0OeyYmWknzOATpMhdoSTDcLLliq9n4Fcy1mGs80iUMw==",
			"dependencies": {
				"pause": "0.0.1",
				"pkginfo": "0.2.x"
			},
			"engines": {
				"node": ">= 0.4.0"
			}
		},
		"node_modules/passport-strategy": {
			"version": "1.0.0",
			"resolved": "https://registry.npmjs.org/passport-strategy/-/passport-strategy-1.0.0.tgz",
			"integrity": "sha512-CB97UUvDKJde2V0KDWWB3lyf6PC3FaZP7YxZ2G8OAtn9p4HI9j9JLP9qjOGZFvyl8uwNT8qM+hGnz/n16NI7oA==",
			"engines": {
				"node": ">= 0.4.0"
			}
		},
		"node_modules/passport-tumblr": {
			"version": "0.1.2",
			"resolved": "https://registry.npmjs.org/passport-tumblr/-/passport-tumblr-0.1.2.tgz",
			"integrity": "sha512-bzgL91L3h50b8jxVN5S/ItyMuaWEtShbAzZpV63xVGnKcNzBRvpR40O82NSDd1QX2eTuzC0dEdfhlPortFE5pA==",
			"dependencies": {
				"passport-oauth": "0.1.x",
				"pkginfo": "0.2.x"
			},
			"engines": {
				"node": ">= 0.4.0"
			}
		},
		"node_modules/passport-tumblr/node_modules/passport": {
			"version": "0.1.18",
			"resolved": "https://registry.npmjs.org/passport/-/passport-0.1.18.tgz",
			"integrity": "sha512-qteYojKG/qth7UBbbGU7aqhe5ndJs6YaUkH2B6+7FWQ0OeyYmWknzOATpMhdoSTDcLLliq9n4Fcy1mGs80iUMw==",
			"dependencies": {
				"pause": "0.0.1",
				"pkginfo": "0.2.x"
			},
			"engines": {
				"node": ">= 0.4.0"
			}
		},
		"node_modules/passport-tumblr/node_modules/passport-oauth": {
			"version": "0.1.15",
			"resolved": "https://registry.npmjs.org/passport-oauth/-/passport-oauth-0.1.15.tgz",
			"integrity": "sha512-ma4W++dGNS/WKxkInG03VDqCRPD/9K/eSaqhvMLBFhpLOfycBus8+FnhcoSR6ug+NzXLjYtjGxMPBE/Gt8KqqA==",
			"dependencies": {
				"oauth": "0.9.x",
				"passport": "~0.1.1",
				"pkginfo": "0.2.x"
			},
			"engines": {
				"node": ">= 0.4.0"
			}
		},
		"node_modules/passport-twitter": {
			"version": "1.0.4",
			"resolved": "https://registry.npmjs.org/passport-twitter/-/passport-twitter-1.0.4.tgz",
			"integrity": "sha512-qvdauqCqCJJci82mJ9hZZQ6nAv7aSHV31svL8+9H7mRlDdXCdfU6AARQrmmJu3DRmv9fvIebM7zzxR7mVufN3A==",
			"dependencies": {
				"passport-oauth1": "1.x.x",
				"xtraverse": "0.1.x"
			},
			"engines": {
				"node": ">= 0.4.0"
			}
		},
		"node_modules/passport-wordpress": {
			"version": "0.0.4",
			"resolved": "https://registry.npmjs.org/passport-wordpress/-/passport-wordpress-0.0.4.tgz",
			"integrity": "sha512-Ro/nRCKAdZCg4csco8OH28u1MmA887+xzzm6KyK2uLP5Lh9ObJtSe77OG9HhnzTazBKZu0kAKqCHSslJFeg9vg==",
			"dependencies": {
				"passport-oauth": "1.x.x",
				"pkginfo": "0.2.x"
			},
			"engines": {
				"node": ">= 0.4.0"
			}
		},
		"node_modules/passport-youtube": {
			"version": "0.0.6",
			"resolved": "https://registry.npmjs.org/passport-youtube/-/passport-youtube-0.0.6.tgz",
			"integrity": "sha512-SmE2k9TT06z79RB4nT172VZwrt+AGeABCwC+gxOh8tHQBuyR8k2y9DPP3k4S4ResedzUJtSR3a6D0eyXf6InKA==",
			"dependencies": {
				"passport-oauth": "0.1.14"
			},
			"engines": {
				"node": ">= 0.8.5"
			}
		},
		"node_modules/passport-youtube-v3": {
			"version": "2.1.0",
			"resolved": "https://registry.npmjs.org/passport-youtube-v3/-/passport-youtube-v3-2.1.0.tgz",
			"integrity": "sha512-mM1BNDIQP/KorDN11iDH0nq2EyVson0inci8NC83ZRaWPH9SQAppGITiLghH4GYLIRNRYPDUMfPcBsbHLFqABQ==",
			"dependencies": {
				"passport-oauth2": "1.4.0"
			}
		},
		"node_modules/passport-youtube-v3/node_modules/passport-oauth2": {
			"version": "1.4.0",
			"resolved": "https://registry.npmjs.org/passport-oauth2/-/passport-oauth2-1.4.0.tgz",
			"integrity": "sha512-aFrjWoTSFLob+JNvmPxCc+zyv/W7VpBx8WS4vZ8Snm6sm25BbRgobIcmSjpaRt4ciyS5ldEIdC+WFbd8zP8ggA==",
			"dependencies": {
				"oauth": "0.9.x",
				"passport-strategy": "1.x.x",
				"uid2": "0.0.x",
				"utils-merge": "1.x.x"
			},
			"engines": {
				"node": ">= 0.4.0"
			}
		},
		"node_modules/passport-youtube/node_modules/passport": {
			"version": "0.1.18",
			"resolved": "https://registry.npmjs.org/passport/-/passport-0.1.18.tgz",
			"integrity": "sha512-qteYojKG/qth7UBbbGU7aqhe5ndJs6YaUkH2B6+7FWQ0OeyYmWknzOATpMhdoSTDcLLliq9n4Fcy1mGs80iUMw==",
			"dependencies": {
				"pause": "0.0.1",
				"pkginfo": "0.2.x"
			},
			"engines": {
				"node": ">= 0.4.0"
			}
		},
		"node_modules/passport-youtube/node_modules/passport-oauth": {
			"version": "0.1.14",
			"resolved": "https://registry.npmjs.org/passport-oauth/-/passport-oauth-0.1.14.tgz",
			"integrity": "sha512-vXFoiLA/HpkDx274v97HOxVcW3Z5FvqycPH5+1k8KKXCy6DclD4lBqiR7jzlBscK+qCsDp0OEmvHjVBwpXebsw==",
			"dependencies": {
				"oauth": "0.9.x",
				"passport": "~0.1.1",
				"pkginfo": "0.2.x"
			},
			"engines": {
				"node": ">= 0.4.0"
			}
		},
		"node_modules/pause": {
			"version": "0.0.1",
			"resolved": "https://registry.npmjs.org/pause/-/pause-0.0.1.tgz",
			"integrity": "sha512-KG8UEiEVkR3wGEb4m5yZkVCzigAD+cVEJck2CzYZO37ZGJfctvVptVO192MwrtPhzONn6go8ylnOdMhKqi4nfg=="
		},
		"node_modules/pkginfo": {
			"version": "0.2.3",
			"resolved": "https://registry.npmjs.org/pkginfo/-/pkginfo-0.2.3.tgz",
			"integrity": "sha512-7W7wTrE/NsY8xv/DTGjwNIyNah81EQH0MWcTzrHL6pOpMocOGZc0Mbdz9aXxSrp+U0mSmkU8jrNCDCfUs3sOBg==",
			"engines": {
				"node": ">= 0.4.0"
			}
		},
		"node_modules/uid2": {
			"version": "0.0.4",
			"resolved": "https://registry.npmjs.org/uid2/-/uid2-0.0.4.tgz",
			"integrity": "sha512-IevTus0SbGwQzYh3+fRsAMTVVPOoIVufzacXcHPmdlle1jUpq7BRL+mw3dgeLanvGZdwwbWhRV6XrcFNdBmjWA=="
		},
		"node_modules/underscore": {
			"version": "1.13.4",
			"resolved": "https://registry.npmjs.org/underscore/-/underscore-1.13.4.tgz",
			"integrity": "sha512-BQFnUDuAQ4Yf/cYY5LNrK9NCJFKriaRbD9uR1fTeXnBeoa97W0i41qkZfGO9pSo8I5KzjAcSY2XYtdf0oKd7KQ=="
		},
		"node_modules/utils-merge": {
			"version": "1.0.1",
			"resolved": "https://registry.npmjs.org/utils-merge/-/utils-merge-1.0.1.tgz",
			"integrity": "sha512-pMZTvIkT1d+TFGvDOqodOclx0QWkkgi6Tdoa8gC8ffGAAqz9pzPTZWAybbsHHoED/ztMtkv/VoYTYyShUn81hA==",
			"engines": {
				"node": ">= 0.4.0"
			}
		},
		"node_modules/xmldom": {
			"version": "0.1.31",
			"resolved": "https://registry.npmjs.org/xmldom/-/xmldom-0.1.31.tgz",
			"integrity": "sha512-yS2uJflVQs6n+CyjHoaBmVSqIDevTAWrzMmjG1Gc7h1qQ7uVozNhEPJAwZXWyGQ/Gafo3fCwrcaokezLPupVyQ==",
			"deprecated": "Deprecated due to CVE-2021-21366 resolved in 0.5.0",
			"engines": {
				"node": ">=0.1"
			}
		},
		"node_modules/xtraverse": {
			"version": "0.1.0",
			"resolved": "https://registry.npmjs.org/xtraverse/-/xtraverse-0.1.0.tgz",
			"integrity": "sha512-MANQdlG2hl1nQobxz1Rv8hsS1RuBS0C1N6qTOupv+9vmfrReePdxhmB2ecYjvsp4stJ80HD7erjkoF1Hd/FK9A==",
			"dependencies": {
				"xmldom": "0.1.x"
			},
			"engines": {
				"node": ">= 0.4.0"
			}
		}
	},
	"dependencies": {
		"base64url": {
			"version": "3.0.1",
			"resolved": "https://registry.npmjs.org/base64url/-/base64url-3.0.1.tgz",
			"integrity": "sha512-ir1UPr3dkwexU7FdV8qBBbNDRUhMmIekYMFZfi+C/sLNnRESKPl23nB9b2pltqfOQNnGzsDdId90AEtG5tCx4A=="
		},
		"oauth": {
			"version": "0.9.15",
			"resolved": "https://registry.npmjs.org/oauth/-/oauth-0.9.15.tgz",
			"integrity": "sha512-a5ERWK1kh38ExDEfoO6qUHJb32rd7aYmPHuyCu3Fta/cnICvYmgd2uhuKXvPD+PXB+gCEYYEaQdIRAjCOwAKNA=="
		},
		"openid": {
			"version": "0.5.13",
			"resolved": "https://registry.npmjs.org/openid/-/openid-0.5.13.tgz",
			"integrity": "sha512-MdWOwHQPaJ3B+7JnPiTyEEqJsMpoNv/+Q4JObuW5jt6xEpIdHaoazFtrcbukBjLg2+qj5xXOmc9TsqhCEw3HOw=="
		},
		"passport": {
			"version": "0.6.0",
			"resolved": "https://registry.npmjs.org/passport/-/passport-0.6.0.tgz",
			"integrity": "sha512-0fe+p3ZnrWRW74fe8+SvCyf4a3Pb2/h7gFkQ8yTJpAO50gDzlfjZUZTO1k5Eg9kUct22OxHLqDZoKUWRHOh9ug==",
			"requires": {
				"passport-strategy": "1.x.x",
				"pause": "0.0.1",
				"utils-merge": "^1.0.1"
			}
		},
		"passport-amazon": {
			"version": "1.0.0",
			"resolved": "https://registry.npmjs.org/passport-amazon/-/passport-amazon-1.0.0.tgz",
			"integrity": "sha512-mouKe5CSueQxt4nvsstS0vr2vW36HKxNATZ7nOOUFTtpgjlNJ8yxW6LoVE0AZ0ZOHHhYYLwM4uR/NSyK0K9r4w==",
			"requires": {
				"passport-oauth2": "1.x.x"
			}
		},
		"passport-dropbox-oauth2": {
			"version": "1.1.0",
			"resolved": "https://registry.npmjs.org/passport-dropbox-oauth2/-/passport-dropbox-oauth2-1.1.0.tgz",
			"integrity": "sha512-u79BoonqfrZDmV44s1y2FMK4cml66W/Hy9ExVY8abErMS+08YXAzOkOQGOHdfpGSaelKLwrgDL2cNWRUA+jh+A==",
			"requires": {
				"passport-oauth": "^1.0.0",
				"pkginfo": "^0.2.3"
			}
		},
		"passport-facebook": {
			"version": "3.0.0",
			"resolved": "https://registry.npmjs.org/passport-facebook/-/passport-facebook-3.0.0.tgz",
			"integrity": "sha512-K/qNzuFsFISYAyC1Nma4qgY/12V3RSLFdFVsPKXiKZt434wOvthFW1p7zKa1iQihQMRhaWorVE1o3Vi1o+ZgeQ==",
			"requires": {
				"passport-oauth2": "1.x.x"
			}
		},
		"passport-foursquare": {
			"version": "1.0.0",
			"resolved": "https://registry.npmjs.org/passport-foursquare/-/passport-foursquare-1.0.0.tgz",
			"integrity": "sha512-y+f1HTJuqObTLrIijSKznN630qnupAj5GELIs+euKyfUKU1bW16nW/cK6uppEHZ95XXeD9M8+CucZRai6Nv2/g==",
			"requires": {
				"passport-oauth2": "1.x.x"
			}
		},
		"passport-github": {
			"version": "1.1.0",
			"resolved": "https://registry.npmjs.org/passport-github/-/passport-github-1.1.0.tgz",
			"integrity": "sha512-XARXJycE6fFh/dxF+Uut8OjlwbFEXgbPVj/+V+K7cvriRK7VcAOm+NgBmbiLM9Qv3SSxEAV+V6fIk89nYHXa8A==",
			"requires": {
				"passport-oauth2": "1.x.x"
			}
		},
		"passport-google": {
			"version": "0.3.0",
			"resolved": "https://registry.npmjs.org/passport-google/-/passport-google-0.3.0.tgz",
			"integrity": "sha512-sgm38NqzC3zRZ4ypsih4Qd84TQHGnDYi0ptvTOzva84Qzu70ZPajUL9CVrKE/FKdF1jwo44v3iGTSS92Ltll8Q==",
			"requires": {
				"passport-openid": "0.3.x",
				"pkginfo": "0.2.x"
			}
		},
		"passport-google-oauth20": {
			"version": "1.0.0",
			"resolved": "https://registry.npmjs.org/passport-google-oauth20/-/passport-google-oauth20-1.0.0.tgz",
			"integrity": "sha512-asv9bVBYf0F6OBP/17dBbHq74KpKVrIQLKPpPmUoR2Wwxv9ZlmNv6QpIX2m0VPkAilLtQeWewWESsqZeh7ZSWQ==",
			"requires": {
				"passport-oauth2": "1.x.x"
			}
		},
		"passport-imgur": {
			"version": "0.0.3",
			"resolved": "https://registry.npmjs.org/passport-imgur/-/passport-imgur-0.0.3.tgz",
			"integrity": "sha512-JHaYO0ijMKt8NYReOimm1w4/f2tlT+mFdW3TIYKGkppy//TJNvLMNnPn5qWPqpTgZdoZa1YFxiBtqgo6/VO/ow==",
			"requires": {
				"passport-oauth": ">= 0.1.0"
			}
		},
		"passport-instagram": {
			"version": "1.0.0",
			"resolved": "https://registry.npmjs.org/passport-instagram/-/passport-instagram-1.0.0.tgz",
			"integrity": "sha512-irnGcLgCa+vYF5k/7+gU/uiLfzs6VJds8cMOFiuwq2mRAiRrEPyM5rIzXurDGCQl7s5uhEcolpBOGqChUGPtAg==",
			"requires": {
				"passport-oauth2": "1.x.x"
			}
		},
		"passport-linkedin": {
			"version": "1.0.0",
			"resolved": "https://registry.npmjs.org/passport-linkedin/-/passport-linkedin-1.0.0.tgz",
			"integrity": "sha512-0/B3PTp+MeD9fqvuQJN4OdkVlVPhF+kF0hVrXGgtAXdgh9WTIEFKUguEPXBK+IgzWlF6T2a74ThijxDrMMI4nw==",
			"requires": {
				"passport-oauth1": "1.x.x"
			}
		},
		"passport-meetup": {
			"version": "1.0.0",
			"resolved": "https://registry.npmjs.org/passport-meetup/-/passport-meetup-1.0.0.tgz",
			"integrity": "sha512-khzN7nAoWqL6lWAec6cO80VeI1QAA9FOPuRio3yW73r6/iB+mpshEaFGd6FUfwUwWIaczhPV7pr1lTMicftpTg==",
			"requires": {
				"passport-oauth1": "1.x.x"
			}
		},
		"passport-oauth": {
			"version": "1.0.0",
			"resolved": "https://registry.npmjs.org/passport-oauth/-/passport-oauth-1.0.0.tgz",
			"integrity": "sha512-4IZNVsZbN1dkBzmEbBqUxDG8oFOIK81jqdksE3HEb/vI3ib3FMjbiZZ6MTtooyYZzmKu0BfovjvT1pdGgIq+4Q==",
			"requires": {
				"passport-oauth1": "1.x.x",
				"passport-oauth2": "1.x.x"
			}
		},
		"passport-oauth1": {
			"version": "1.2.0",
			"resolved": "https://registry.npmjs.org/passport-oauth1/-/passport-oauth1-1.2.0.tgz",
			"integrity": "sha512-Sv2YWodC6jN12M/OXwmR4BIXeeIHjjbwYTQw4kS6tHK4zYzSEpxBgSJJnknBjICA5cj0ju3FSnG1XmHgIhYnLg==",
			"requires": {
				"oauth": "0.9.x",
				"passport-strategy": "1.x.x",
				"utils-merge": "1.x.x"
			}
		},
		"passport-oauth2": {
			"version": "1.6.1",
			"resolved": "https://registry.npmjs.org/passport-oauth2/-/passport-oauth2-1.6.1.tgz",
			"integrity": "sha512-ZbV43Hq9d/SBSYQ22GOiglFsjsD1YY/qdiptA+8ej+9C1dL1TVB+mBE5kDH/D4AJo50+2i8f4bx0vg4/yDDZCQ==",
			"requires": {
				"base64url": "3.x.x",
				"oauth": "0.9.x",
				"passport-strategy": "1.x.x",
				"uid2": "0.0.x",
				"utils-merge": "1.x.x"
			}
		},
		"passport-openid": {
			"version": "0.3.1",
			"resolved": "https://registry.npmjs.org/passport-openid/-/passport-openid-0.3.1.tgz",
			"integrity": "sha512-tpSI98hDjDB3aPWOklYIs6Qw9uQk1vLgR5JjHUgpLyR2BhonBNT923ynRL7JTmvKsnc2UhDHCk2k/HqIMdPs4A==",
			"requires": {
				"openid": "0.5.x",
				"passport": "~0.1.3",
				"pkginfo": "0.2.x"
			},
			"dependencies": {
				"passport": {
					"version": "0.1.18",
					"resolved": "https://registry.npmjs.org/passport/-/passport-0.1.18.tgz",
					"integrity": "sha512-qteYojKG/qth7UBbbGU7aqhe5ndJs6YaUkH2B6+7FWQ0OeyYmWknzOATpMhdoSTDcLLliq9n4Fcy1mGs80iUMw==",
					"requires": {
						"pause": "0.0.1",
						"pkginfo": "0.2.x"
					}
				}
			}
		},
		"passport-strategy": {
			"version": "1.0.0",
			"resolved": "https://registry.npmjs.org/passport-strategy/-/passport-strategy-1.0.0.tgz",
			"integrity": "sha512-CB97UUvDKJde2V0KDWWB3lyf6PC3FaZP7YxZ2G8OAtn9p4HI9j9JLP9qjOGZFvyl8uwNT8qM+hGnz/n16NI7oA=="
		},
		"passport-tumblr": {
			"version": "0.1.2",
			"resolved": "https://registry.npmjs.org/passport-tumblr/-/passport-tumblr-0.1.2.tgz",
			"integrity": "sha512-bzgL91L3h50b8jxVN5S/ItyMuaWEtShbAzZpV63xVGnKcNzBRvpR40O82NSDd1QX2eTuzC0dEdfhlPortFE5pA==",
			"requires": {
				"passport-oauth": "0.1.x",
				"pkginfo": "0.2.x"
			},
			"dependencies": {
				"passport": {
					"version": "0.1.18",
					"resolved": "https://registry.npmjs.org/passport/-/passport-0.1.18.tgz",
					"integrity": "sha512-qteYojKG/qth7UBbbGU7aqhe5ndJs6YaUkH2B6+7FWQ0OeyYmWknzOATpMhdoSTDcLLliq9n4Fcy1mGs80iUMw==",
					"requires": {
						"pause": "0.0.1",
						"pkginfo": "0.2.x"
					}
				},
				"passport-oauth": {
					"version": "0.1.15",
					"resolved": "https://registry.npmjs.org/passport-oauth/-/passport-oauth-0.1.15.tgz",
					"integrity": "sha512-ma4W++dGNS/WKxkInG03VDqCRPD/9K/eSaqhvMLBFhpLOfycBus8+FnhcoSR6ug+NzXLjYtjGxMPBE/Gt8KqqA==",
					"requires": {
						"oauth": "0.9.x",
						"passport": "~0.1.1",
						"pkginfo": "0.2.x"
					}
				}
			}
		},
		"passport-twitter": {
			"version": "1.0.4",
			"resolved": "https://registry.npmjs.org/passport-twitter/-/passport-twitter-1.0.4.tgz",
			"integrity": "sha512-qvdauqCqCJJci82mJ9hZZQ6nAv7aSHV31svL8+9H7mRlDdXCdfU6AARQrmmJu3DRmv9fvIebM7zzxR7mVufN3A==",
			"requires": {
				"passport-oauth1": "1.x.x",
				"xtraverse": "0.1.x"
			}
		},
		"passport-wordpress": {
			"version": "0.0.4",
			"resolved": "https://registry.npmjs.org/passport-wordpress/-/passport-wordpress-0.0.4.tgz",
			"integrity": "sha512-Ro/nRCKAdZCg4csco8OH28u1MmA887+xzzm6KyK2uLP5Lh9ObJtSe77OG9HhnzTazBKZu0kAKqCHSslJFeg9vg==",
			"requires": {
				"passport-oauth": "1.x.x",
				"pkginfo": "0.2.x"
			}
		},
		"passport-youtube": {
			"version": "0.0.6",
			"resolved": "https://registry.npmjs.org/passport-youtube/-/passport-youtube-0.0.6.tgz",
			"integrity": "sha512-SmE2k9TT06z79RB4nT172VZwrt+AGeABCwC+gxOh8tHQBuyR8k2y9DPP3k4S4ResedzUJtSR3a6D0eyXf6InKA==",
			"requires": {
				"passport-oauth": "0.1.14"
			},
			"dependencies": {
				"passport": {
					"version": "0.1.18",
					"resolved": "https://registry.npmjs.org/passport/-/passport-0.1.18.tgz",
					"integrity": "sha512-qteYojKG/qth7UBbbGU7aqhe5ndJs6YaUkH2B6+7FWQ0OeyYmWknzOATpMhdoSTDcLLliq9n4Fcy1mGs80iUMw==",
					"requires": {
						"pause": "0.0.1",
						"pkginfo": "0.2.x"
					}
				},
				"passport-oauth": {
					"version": "0.1.14",
					"resolved": "https://registry.npmjs.org/passport-oauth/-/passport-oauth-0.1.14.tgz",
					"integrity": "sha512-vXFoiLA/HpkDx274v97HOxVcW3Z5FvqycPH5+1k8KKXCy6DclD4lBqiR7jzlBscK+qCsDp0OEmvHjVBwpXebsw==",
					"requires": {
						"oauth": "0.9.x",
						"passport": "~0.1.1",
						"pkginfo": "0.2.x"
					}
				}
			}
		},
		"passport-youtube-v3": {
			"version": "2.1.0",
			"resolved": "https://registry.npmjs.org/passport-youtube-v3/-/passport-youtube-v3-2.1.0.tgz",
			"integrity": "sha512-mM1BNDIQP/KorDN11iDH0nq2EyVson0inci8NC83ZRaWPH9SQAppGITiLghH4GYLIRNRYPDUMfPcBsbHLFqABQ==",
			"requires": {
				"passport-oauth2": "1.4.0"
			},
			"dependencies": {
				"passport-oauth2": {
					"version": "1.4.0",
					"resolved": "https://registry.npmjs.org/passport-oauth2/-/passport-oauth2-1.4.0.tgz",
					"integrity": "sha512-aFrjWoTSFLob+JNvmPxCc+zyv/W7VpBx8WS4vZ8Snm6sm25BbRgobIcmSjpaRt4ciyS5ldEIdC+WFbd8zP8ggA==",
					"requires": {
						"oauth": "0.9.x",
						"passport-strategy": "1.x.x",
						"uid2": "0.0.x",
						"utils-merge": "1.x.x"
					}
				}
			}
		},
		"pause": {
			"version": "0.0.1",
			"resolved": "https://registry.npmjs.org/pause/-/pause-0.0.1.tgz",
			"integrity": "sha512-KG8UEiEVkR3wGEb4m5yZkVCzigAD+cVEJck2CzYZO37ZGJfctvVptVO192MwrtPhzONn6go8ylnOdMhKqi4nfg=="
		},
		"pkginfo": {
			"version": "0.2.3",
			"resolved": "https://registry.npmjs.org/pkginfo/-/pkginfo-0.2.3.tgz",
			"integrity": "sha512-7W7wTrE/NsY8xv/DTGjwNIyNah81EQH0MWcTzrHL6pOpMocOGZc0Mbdz9aXxSrp+U0mSmkU8jrNCDCfUs3sOBg=="
		},
		"uid2": {
			"version": "0.0.4",
			"resolved": "https://registry.npmjs.org/uid2/-/uid2-0.0.4.tgz",
			"integrity": "sha512-IevTus0SbGwQzYh3+fRsAMTVVPOoIVufzacXcHPmdlle1jUpq7BRL+mw3dgeLanvGZdwwbWhRV6XrcFNdBmjWA=="
		},
		"underscore": {
			"version": "1.13.4",
			"resolved": "https://registry.npmjs.org/underscore/-/underscore-1.13.4.tgz",
			"integrity": "sha512-BQFnUDuAQ4Yf/cYY5LNrK9NCJFKriaRbD9uR1fTeXnBeoa97W0i41qkZfGO9pSo8I5KzjAcSY2XYtdf0oKd7KQ=="
		},
		"utils-merge": {
			"version": "1.0.1",
			"resolved": "https://registry.npmjs.org/utils-merge/-/utils-merge-1.0.1.tgz",
			"integrity": "sha512-pMZTvIkT1d+TFGvDOqodOclx0QWkkgi6Tdoa8gC8ffGAAqz9pzPTZWAybbsHHoED/ztMtkv/VoYTYyShUn81hA=="
		},
		"xmldom": {
			"version": "0.1.31",
			"resolved": "https://registry.npmjs.org/xmldom/-/xmldom-0.1.31.tgz",
			"integrity": "sha512-yS2uJflVQs6n+CyjHoaBmVSqIDevTAWrzMmjG1Gc7h1qQ7uVozNhEPJAwZXWyGQ/Gafo3fCwrcaokezLPupVyQ=="
		},
		"xtraverse": {
			"version": "0.1.0",
			"resolved": "https://registry.npmjs.org/xtraverse/-/xtraverse-0.1.0.tgz",
			"integrity": "sha512-MANQdlG2hl1nQobxz1Rv8hsS1RuBS0C1N6qTOupv+9vmfrReePdxhmB2ecYjvsp4stJ80HD7erjkoF1Hd/FK9A==",
			"requires": {
				"xmldom": "0.1.x"
			}
		}
	}
}
